
Microsoft Visual Studio Solution File, Format Version 12.00
# Visual Studio Version 16
VisualStudioVersion = 16.0.30114.105
MinimumVisualStudioVersion = 10.0.40219.1
Project("{FAE04EC0-301F-11D3-BF4B-00C04F79EFBC}") = "laby1", "laby1\laby1.csproj", "{9E29438A-AD98-4E6B-B64D-2806F416CF1C}"
EndProject
Project("{FAE04EC0-301F-11D3-BF4B-00C04F79EFBC}") = "laby2", "laby2\laby2.csproj", "{8EAB4859-C84A-46D7-A473-8D4D964DC3AA}"
EndProject
Project("{FAE04EC0-301F-11D3-BF4B-00C04F79EFBC}") = "laby3", "laby3\laby3.csproj", "{E2695074-B01C-48D9-B583-AE604AC8CB07}"
EndProject
Project("{FAE04EC0-301F-11D3-BF4B-00C04F79EFBC}") = "test01", "test01\test01.csproj", "{53468266-0017-4457-A5A4-7E89E63CC689}"
EndProject
Global
	GlobalSection(SolutionConfigurationPlatforms) = preSolution
		Debug|Any CPU = Debug|Any CPU
		Debug|x64 = Debug|x64
		Debug|x86 = Debug|x86
		Release|Any CPU = Release|Any CPU
		Release|x64 = Release|x64
		Release|x86 = Release|x86
	EndGlobalSection
	GlobalSection(SolutionProperties) = preSolution
		HideSolutionNode = FALSE
	EndGlobalSection
	GlobalSection(ProjectConfigurationPlatforms) = postSolution
		{9E29438A-AD98-4E6B-B64D-2806F416CF1C}.Debug|Any CPU.ActiveCfg = Debug|Any CPU
		{9E29438A-AD98-4E6B-B64D-2806F416CF1C}.Debug|Any CPU.Build.0 = Debug|Any CPU
		{9E29438A-AD98-4E6B-B64D-2806F416CF1C}.Debug|x64.ActiveCfg = Debug|Any CPU
		{9E29438A-AD98-4E6B-B64D-2806F416CF1C}.Debug|x64.Build.0 = Debug|Any CPU
		{9E29438A-AD98-4E6B-B64D-2806F416CF1C}.Debug|x86.ActiveCfg = Debug|Any CPU
		{9E29438A-AD98-4E6B-B64D-2806F416CF1C}.Debug|x86.Build.0 = Debug|Any CPU
		{9E29438A-AD98-4E6B-B64D-2806F416CF1C}.Release|Any CPU.ActiveCfg = Release|Any CPU
		{9E29438A-AD98-4E6B-B64D-2806F416CF1C}.Release|Any CPU.Build.0 = Release|Any CPU
		{9E29438A-AD98-4E6B-B64D-2806F416CF1C}.Release|x64.ActiveCfg = Release|Any CPU
		{9E29438A-AD98-4E6B-B64D-2806F416CF1C}.Release|x64.Build.0 = Release|Any CPU
		{9E29438A-AD98-4E6B-B64D-2806F416CF1C}.Release|x86.ActiveCfg = Release|Any CPU
		{9E29438A-AD98-4E6B-B64D-2806F416CF1C}.Release|x86.Build.0 = Release|Any CPU
		{8EAB4859-C84A-46D7-A473-8D4D964DC3AA}.Debug|Any CPU.ActiveCfg = Debug|Any CPU
		{8EAB4859-C84A-46D7-A473-8D4D964DC3AA}.Debug|Any CPU.Build.0 = Debug|Any CPU
		{8EAB4859-C84A-46D7-A473-8D4D964DC3AA}.Debug|x64.ActiveCfg = Debug|Any CPU
		{8EAB4859-C84A-46D7-A473-8D4D964DC3AA}.Debug|x64.Build.0 = Debug|Any CPU
		{8EAB4859-C84A-46D7-A473-8D4D964DC3AA}.Debug|x86.ActiveCfg = Debug|Any CPU
		{8EAB4859-C84A-46D7-A473-8D4D964DC3AA}.Debug|x86.Build.0 = Debug|Any CPU
		{8EAB4859-C84A-46D7-A473-8D4D964DC3AA}.Release|Any CPU.ActiveCfg = Release|Any CPU
		{8EAB4859-C84A-46D7-A473-8D4D964DC3AA}.Release|Any CPU.Build.0 = Release|Any CPU
		{8EAB4859-C84A-46D7-A473-8D4D964DC3AA}.Release|x64.ActiveCfg = Release|Any CPU
		{8EAB4859-C84A-46D7-A473-8D4D964DC3AA}.Release|x64.Build.0 = Release|Any CPU
		{8EAB4859-C84A-46D7-A473-8D4D964DC3AA}.Release|x86.ActiveCfg = Release|Any CPU
		{8EAB4859-C84A-46D7-A473-8D4D964DC3AA}.Release|x86.Build.0 = Release|Any CPU
		{E2695074-B01C-48D9-B583-AE604AC8CB07}.Debug|Any CPU.ActiveCfg = Debug|Any CPU
		{E2695074-B01C-48D9-B583-AE604AC8CB07}.Debug|Any CPU.Build.0 = Debug|Any CPU
		{E2695074-B01C-48D9-B583-AE604AC8CB07}.Debug|x64.ActiveCfg = Debug|Any CPU
		{E2695074-B01C-48D9-B583-AE604AC8CB07}.Debug|x64.Build.0 = Debug|Any CPU
		{E2695074-B01C-48D9-B583-AE604AC8CB07}.Debug|x86.ActiveCfg = Debug|Any CPU
		{E2695074-B01C-48D9-B583-AE604AC8CB07}.Debug|x86.Build.0 = Debug|Any CPU
		{E2695074-B01C-48D9-B583-AE604AC8CB07}.Release|Any CPU.ActiveCfg = Release|Any CPU
		{E2695074-B01C-48D9-B583-AE604AC8CB07}.Release|Any CPU.Build.0 = Release|Any CPU
		{E2695074-B01C-48D9-B583-AE604AC8CB07}.Release|x64.ActiveCfg = Release|Any CPU
		{E2695074-B01C-48D9-B583-AE604AC8CB07}.Release|x64.Build.0 = Release|Any CPU
		{E2695074-B01C-48D9-B583-AE604AC8CB07}.Release|x86.ActiveCfg = Release|Any CPU
		{E2695074-B01C-48D9-B583-AE604AC8CB07}.Release|x86.Build.0 = Release|Any CPU
		{53468266-0017-4457-A5A4-7E89E63CC689}.Debug|Any CPU.ActiveCfg = Debug|Any CPU
		{53468266-0017-4457-A5A4-7E89E63CC689}.Debug|Any CPU.Build.0 = Debug|Any CPU
		{53468266-0017-4457-A5A4-7E89E63CC689}.Debug|x64.ActiveCfg = Debug|Any CPU
		{53468266-0017-4457-A5A4-7E89E63CC689}.Debug|x64.Build.0 = Debug|Any CPU
		{53468266-0017-4457-A5A4-7E89E63CC689}.Debug|x86.ActiveCfg = Debug|Any CPU
		{53468266-0017-4457-A5A4-7E89E63CC689}.Debug|x86.Build.0 = Debug|Any CPU
		{53468266-0017-4457-A5A4-7E89E63CC689}.Release|Any CPU.ActiveCfg = Release|Any CPU
		{53468266-0017-4457-A5A4-7E89E63CC689}.Release|Any CPU.Build.0 = Release|Any CPU
		{53468266-0017-4457-A5A4-7E89E63CC689}.Release|x64.ActiveCfg = Release|Any CPU
		{53468266-0017-4457-A5A4-7E89E63CC689}.Release|x64.Build.0 = Release|Any CPU
		{53468266-0017-4457-A5A4-7E89E63CC689}.Release|x86.ActiveCfg = Release|Any CPU
		{53468266-0017-4457-A5A4-7E89E63CC689}.Release|x86.Build.0 = Release|Any CPU
	EndGlobalSection
EndGlobal
